
Microsoft Visual Studio Solution File, Format Version 12.00
# Visual Studio 14
VisualStudioVersion = 14.0.22823.1
MinimumVisualStudioVersion = 10.0.40219.1
Project("{2150E333-8FDC-42A3-9474-1A3956D46DE8}") = "StudyTree", "StudyTree", "{465EF3A5-16CA-4B2D-A503-B2781C7CCC4F}"
EndProject
Project("{D954291E-2A0B-460D-934E-DC6B0785DB48}") = "StudyTree.Shared", "App1\App1.Shared\StudyTree.Shared.shproj", "{8F1164CC-8897-48BC-ABBF-6AE3989FE170}"
EndProject
Project("{FAE04EC0-301F-11D3-BF4B-00C04F79EFBC}") = "StudyTree.Windows", "App1\App1.Windows\StudyTree.Windows.csproj", "{52080316-E367-4BA4-9404-233DB83C4F73}"
EndProject
Project("{FAE04EC0-301F-11D3-BF4B-00C04F79EFBC}") = "StudyTree.WindowsPhone", "App1\App1.WindowsPhone\StudyTree.WindowsPhone.csproj", "{63D6F140-41F8-4BC6-86A0-63D55B03E267}"
EndProject
Global
	GlobalSection(SharedMSBuildProjectFiles) = preSolution
		App1\App1.Shared\App1.Shared.projitems*{52080316-e367-4ba4-9404-233db83c4f73}*SharedItemsImports = 4
		App1\App1.Shared\App1.Shared.projitems*{63d6f140-41f8-4bc6-86a0-63d55b03e267}*SharedItemsImports = 4
		App1\App1.Shared\App1.Shared.projitems*{8f1164cc-8897-48bc-abbf-6ae3989fe170}*SharedItemsImports = 13
	EndGlobalSection
	GlobalSection(SolutionConfigurationPlatforms) = preSolution
		Debug|Any CPU = Debug|Any CPU
		Debug|ARM = Debug|ARM
		Debug|x64 = Debug|x64
		Debug|x86 = Debug|x86
		Release|Any CPU = Release|Any CPU
		Release|ARM = Release|ARM
		Release|x64 = Release|x64
		Release|x86 = Release|x86
	EndGlobalSection
	GlobalSection(ProjectConfigurationPlatforms) = postSolution
		{52080316-E367-4BA4-9404-233DB83C4F73}.Debug|Any CPU.ActiveCfg = Debug|Any CPU
		{52080316-E367-4BA4-9404-233DB83C4F73}.Debug|ARM.ActiveCfg = Debug|ARM
		{52080316-E367-4BA4-9404-233DB83C4F73}.Debug|ARM.Build.0 = Debug|ARM
		{52080316-E367-4BA4-9404-233DB83C4F73}.Debug|ARM.Deploy.0 = Debug|ARM
		{52080316-E367-4BA4-9404-233DB83C4F73}.Debug|x64.ActiveCfg = Debug|x64
		{52080316-E367-4BA4-9404-233DB83C4F73}.Debug|x64.Build.0 = Debug|x64
		{52080316-E367-4BA4-9404-233DB83C4F73}.Debug|x64.Deploy.0 = Debug|x64
		{52080316-E367-4BA4-9404-233DB83C4F73}.Debug|x86.ActiveCfg = Debug|x86
		{52080316-E367-4BA4-9404-233DB83C4F73}.Debug|x86.Build.0 = Debug|x86
		{52080316-E367-4BA4-9404-233DB83C4F73}.Debug|x86.Deploy.0 = Debug|x86
		{52080316-E367-4BA4-9404-233DB83C4F73}.Release|Any CPU.ActiveCfg = Release|Any CPU
		{52080316-E367-4BA4-9404-233DB83C4F73}.Release|Any CPU.Build.0 = Release|Any CPU
		{52080316-E367-4BA4-9404-233DB83C4F73}.Release|Any CPU.Deploy.0 = Release|Any CPU
		{52080316-E367-4BA4-9404-233DB83C4F73}.Release|ARM.ActiveCfg = Release|ARM
		{52080316-E367-4BA4-9404-233DB83C4F73}.Release|ARM.Build.0 = Release|ARM
		{52080316-E367-4BA4-9404-233DB83C4F73}.Release|ARM.Deploy.0 = Release|ARM
		{52080316-E367-4BA4-9404-233DB83C4F73}.Release|x64.ActiveCfg = Release|x64
		{52080316-E367-4BA4-9404-233DB83C4F73}.Release|x64.Build.0 = Release|x64
		{52080316-E367-4BA4-9404-233DB83C4F73}.Release|x64.Deploy.0 = Release|x64
		{52080316-E367-4BA4-9404-233DB83C4F73}.Release|x86.ActiveCfg = Release|x86
		{52080316-E367-4BA4-9404-233DB83C4F73}.Release|x86.Build.0 = Release|x86
		{52080316-E367-4BA4-9404-233DB83C4F73}.Release|x86.Deploy.0 = Release|x86
		{63D6F140-41F8-4BC6-86A0-63D55B03E267}.Debug|Any CPU.ActiveCfg = Debug|Any CPU
		{63D6F140-41F8-4BC6-86A0-63D55B03E267}.Debug|Any CPU.Build.0 = Debug|Any CPU
		{63D6F140-41F8-4BC6-86A0-63D55B03E267}.Debug|Any CPU.Deploy.0 = Debug|Any CPU
		{63D6F140-41F8-4BC6-86A0-63D55B03E267}.Debug|ARM.ActiveCfg = Debug|ARM
		{63D6F140-41F8-4BC6-86A0-63D55B03E267}.Debug|ARM.Build.0 = Debug|ARM
		{63D6F140-41F8-4BC6-86A0-63D55B03E267}.Debug|ARM.Deploy.0 = Debug|ARM
		{63D6F140-41F8-4BC6-86A0-63D55B03E267}.Debug|x64.ActiveCfg = Debug|Any CPU
		{63D6F140-41F8-4BC6-86A0-63D55B03E267}.Debug|x86.ActiveCfg = Debug|x86
		{63D6F140-41F8-4BC6-86A0-63D55B03E267}.Debug|x86.Build.0 = Debug|x86
		{63D6F140-41F8-4BC6-86A0-63D55B03E267}.Debug|x86.Deploy.0 = Debug|x86
		{63D6F140-41F8-4BC6-86A0-63D55B03E267}.Release|Any CPU.ActiveCfg = Release|Any CPU
		{63D6F140-41F8-4BC6-86A0-63D55B03E267}.Release|Any CPU.Build.0 = Release|Any CPU
		{63D6F140-41F8-4BC6-86A0-63D55B03E267}.Release|Any CPU.Deploy.0 = Release|Any CPU
		{63D6F140-41F8-4BC6-86A0-63D55B03E267}.Release|ARM.ActiveCfg = Release|ARM
		{63D6F140-41F8-4BC6-86A0-63D55B03E267}.Release|ARM.Build.0 = Release|ARM
		{63D6F140-41F8-4BC6-86A0-63D55B03E267}.Release|ARM.Deploy.0 = Release|ARM
		{63D6F140-41F8-4BC6-86A0-63D55B03E267}.Release|x64.ActiveCfg = Release|Any CPU
		{63D6F140-41F8-4BC6-86A0-63D55B03E267}.Release|x86.ActiveCfg = Release|x86
		{63D6F140-41F8-4BC6-86A0-63D55B03E267}.Release|x86.Build.0 = Release|x86
		{63D6F140-41F8-4BC6-86A0-63D55B03E267}.Release|x86.Deploy.0 = Release|x86
	EndGlobalSection
	GlobalSection(SolutionProperties) = preSolution
		HideSolutionNode = FALSE
	EndGlobalSection
	GlobalSection(NestedProjects) = preSolution
		{8F1164CC-8897-48BC-ABBF-6AE3989FE170} = {465EF3A5-16CA-4B2D-A503-B2781C7CCC4F}
		{52080316-E367-4BA4-9404-233DB83C4F73} = {465EF3A5-16CA-4B2D-A503-B2781C7CCC4F}
		{63D6F140-41F8-4BC6-86A0-63D55B03E267} = {465EF3A5-16CA-4B2D-A503-B2781C7CCC4F}
	EndGlobalSection
EndGlobal
